{
    "_meta": {
        "hash": {
            "sha256": "43d3100f22eeabafee1cf28b319d6481ebecc5074ffb903a1e4914380e3bfb1d"
        },
        "pipfile-spec": 6,
        "requires": {
            "python_version": "3.9"
        },
        "sources": [
            {
                "name": "pypi",
                "url": "https://pypi.org/simple",
                "verify_ssl": true
            }
        ]
    },
    "default": {
        "dynaconf": {
            "hashes": [
                "sha256:9eaaa6e64a4a64225f80cdad14379a37656b8f2dc607ab0fd949b75d479674cc",
                "sha256:f435c9e5b0b4b1dddf5e17e60a1e4c91ae0e6275aa51522456e671a7be3380eb"
            ],
            "index": "pypi",
            "version": "==3.1.9"
        }
    },
    "develop": {}
}
